
Microsoft Visual Studio Solution File, Format Version 12.00
# Visual Studio Version 17
VisualStudioVersion = 17.14.36310.24 d17.14
MinimumVisualStudioVersion = 10.0.40219.1
Project("{FAE04EC0-301F-11D3-BF4B-00C04F79EFBC}") = "desafioPraticoCrudSimples", "desafioPraticoCrudSimples\desafioPraticoCrudSimples.csproj", "{A14FB2A3-58A9-49B1-9DDC-A22542912DBF}"
EndProject
Global
	GlobalSection(SolutionConfigurationPlatforms) = preSolution
		Debug|Any CPU = Debug|Any CPU
		Release|Any CPU = Release|Any CPU
	EndGlobalSection
	GlobalSection(ProjectConfigurationPlatforms) = postSolution
		{A14FB2A3-58A9-49B1-9DDC-A22542912DBF}.Debug|Any CPU.ActiveCfg = Debug|Any CPU
		{A14FB2A3-58A9-49B1-9DDC-A22542912DBF}.Debug|Any CPU.Build.0 = Debug|Any CPU
		{A14FB2A3-58A9-49B1-9DDC-A22542912DBF}.Release|Any CPU.ActiveCfg = Release|Any CPU
		{A14FB2A3-58A9-49B1-9DDC-A22542912DBF}.Release|Any CPU.Build.0 = Release|Any CPU
	EndGlobalSection
	GlobalSection(SolutionProperties) = preSolution
		HideSolutionNode = FALSE
	EndGlobalSection
	GlobalSection(ExtensibilityGlobals) = postSolution
		SolutionGuid = {1D4C1BCA-D58E-4067-A516-E09886B9BA32}
	EndGlobalSection
EndGlobal
